# THIS IS AN AUTOGENERATED FILE. DO NOT EDIT THIS FILE DIRECTLY.
# yarn lockfile v1


mobx-state-tree@^5.0.0:
  version "5.0.0"
  resolved "https://registry.yarnpkg.com/mobx-state-tree/-/mobx-state-tree-5.0.0.tgz#6bef4ee0a44ebd9e025b2d64f358ba0cd18929f5"
  integrity sha512-4YFzJN5K3fTgwnNtDiuJleopF41ZYm6mR0GkGl6tqVgfCX0BzlyF3BKbeiI8jDw12Z9/N7Sib9Gj1efhd1DCxA==
