# THIS IS AN AUTOGENERATED FILE. DO NOT EDIT THIS FILE DIRECTLY.
# yarn lockfile v1


"@arkweid/lefthook@0.7.2":
  version "0.7.2"
  resolved "https://registry.yarnpkg.com/@arkweid/lefthook/-/lefthook-0.7.2.tgz#ce2ee89f32bd8899bfee1a61d1fbe68a7dee7601"
  integrity sha512-r34fl/qiny7564aL+MLmkVbUMjr39vSqSGvUoA7e3FwpvD/ubJkxdDFCDJECvOYiYMXwwaqJc6txXtfnvDY3YQ==

mobx-state-tree@^5.0.1:
  version "5.0.1"
  resolved "https://registry.yarnpkg.com/mobx-state-tree/-/mobx-state-tree-5.0.1.tgz#d495725fe11075d8fde8f02ab65db6736b44e014"
  integrity sha512-XZafwF1sJe6sp8L1kgf9Tz0SLo/UPf2pxsonnHaBQNsqbebw+0GC+IT3WxPEIe0/aQ73q4nY4SRgW1uyfd1KRA==

prettier@2.2.1:
  version "2.2.1"
  resolved "https://registry.yarnpkg.com/prettier/-/prettier-2.2.1.tgz#795a1a78dd52f073da0cd42b21f9c91381923ff5"
  integrity sha512-PqyhM2yCjg/oKkFPtTGUojv7gnZAoG80ttl45O6x2Ug/rMJw4wcc9k6aaf2hibP7BGVCCM33gZoGjyvt9mm16Q==

typescript@^4.1.5:
  version "4.1.5"
  resolved "https://registry.yarnpkg.com/typescript/-/typescript-4.1.5.tgz#123a3b214aaff3be32926f0d8f1f6e704eb89a72"
  integrity sha512-6OSu9PTIzmn9TCDiovULTnET6BgXtDYL4Gg4szY+cGsc3JP1dQL8qvE8kShTRx1NIw4Q9IBHlwODjkjWEtMUyA==
